
Microsoft Visual Studio Solution File, Format Version 12.00
Project("{FAE04EC0-301F-11D3-BF4B-00C04F79EFBC}") = "ConsoleApp", "ConsoleApp\ConsoleApp.csproj", "{2682648D-822E-48F1-9D33-AFD30094DFDE}"
EndProject
Project("{FAE04EC0-301F-11D3-BF4B-00C04F79EFBC}") = "DataAccessLayer", "DataAccessLayer\DataAccessLayer.csproj", "{67F61282-5C57-4C0A-907C-3271758343DF}"
EndProject
Global
	GlobalSection(SolutionConfigurationPlatforms) = preSolution
		Debug|Any CPU = Debug|Any CPU
		Release|Any CPU = Release|Any CPU
	EndGlobalSection
	GlobalSection(ProjectConfigurationPlatforms) = postSolution
		{2682648D-822E-48F1-9D33-AFD30094DFDE}.Debug|Any CPU.ActiveCfg = Debug|Any CPU
		{2682648D-822E-48F1-9D33-AFD30094DFDE}.Debug|Any CPU.Build.0 = Debug|Any CPU
		{2682648D-822E-48F1-9D33-AFD30094DFDE}.Release|Any CPU.ActiveCfg = Release|Any CPU
		{2682648D-822E-48F1-9D33-AFD30094DFDE}.Release|Any CPU.Build.0 = Release|Any CPU
		{67F61282-5C57-4C0A-907C-3271758343DF}.Debug|Any CPU.ActiveCfg = Debug|Any CPU
		{67F61282-5C57-4C0A-907C-3271758343DF}.Debug|Any CPU.Build.0 = Debug|Any CPU
		{67F61282-5C57-4C0A-907C-3271758343DF}.Release|Any CPU.ActiveCfg = Release|Any CPU
		{67F61282-5C57-4C0A-907C-3271758343DF}.Release|Any CPU.Build.0 = Release|Any CPU
	EndGlobalSection
	GlobalSection(NestedProjects) = preSolution
	EndGlobalSection
EndGlobal
